Microsoft Visual Studio Solution File, Format Version 12.00
# Visual Studio Version 17
VisualStudioVersion = 17.5.2.0
MinimumVisualStudioVersion = 10.0.40219.1
Project("{FAE04EC0-301F-11D3-BF4B-00C04F79EFBC}") = "dadabase.net10.console", "dadabase.net10.console.csproj", "{224EC600-8A89-B968-0DF9-2133839593C7}"
EndProject
Global
	GlobalSection(SolutionConfigurationPlatforms) = preSolution
		Debug|Any CPU = Debug|Any CPU
		Release|Any CPU = Release|Any CPU
	EndGlobalSection
	GlobalSection(ProjectConfigurationPlatforms) = postSolution
		{224EC600-8A89-B968-0DF9-2133839593C7}.Debug|Any CPU.ActiveCfg = Debug|Any CPU
		{224EC600-8A89-B968-0DF9-2133839593C7}.Debug|Any CPU.Build.0 = Debug|Any CPU
		{224EC600-8A89-B968-0DF9-2133839593C7}.Release|Any CPU.ActiveCfg = Release|Any CPU
		{224EC600-8A89-B968-0DF9-2133839593C7}.Release|Any CPU.Build.0 = Release|Any CPU
	EndGlobalSection
	GlobalSection(SolutionProperties) = preSolution
		HideSolutionNode = FALSE
	EndGlobalSection
	GlobalSection(ExtensibilityGlobals) = postSolution
		SolutionGuid = {10DA4AF8-009A-4C65-83BA-14DE66BAA916}
	EndGlobalSection
EndGlobal
